
Microsoft Visual Studio Solution File, Format Version 12.00
# Visual Studio Version 16
VisualStudioVersion = 16.0.30413.136
MinimumVisualStudioVersion = 10.0.40219.1
Project("{FAE04EC0-301F-11D3-BF4B-00C04F79EFBC}") = "eRede", "..\eRede\eRede.csproj", "{EE5B51E7-9352-4A4E-9988-FD3A96A247E0}"
EndProject
Project("{FAE04EC0-301F-11D3-BF4B-00C04F79EFBC}") = "Sample", "..\Sample\Sample.csproj", "{E55AD82C-2BB1-4315-9649-17EFD42AB0BB}"
EndProject
Global
	GlobalSection(SolutionConfigurationPlatforms) = preSolution
		Debug|Any CPU = Debug|Any CPU
		Release|Any CPU = Release|Any CPU
	EndGlobalSection
	GlobalSection(ProjectConfigurationPlatforms) = postSolution
		{EE5B51E7-9352-4A4E-9988-FD3A96A247E0}.Debug|Any CPU.ActiveCfg = Debug|Any CPU
		{EE5B51E7-9352-4A4E-9988-FD3A96A247E0}.Debug|Any CPU.Build.0 = Debug|Any CPU
		{EE5B51E7-9352-4A4E-9988-FD3A96A247E0}.Release|Any CPU.ActiveCfg = Release|Any CPU
		{EE5B51E7-9352-4A4E-9988-FD3A96A247E0}.Release|Any CPU.Build.0 = Release|Any CPU
		{E55AD82C-2BB1-4315-9649-17EFD42AB0BB}.Debug|Any CPU.ActiveCfg = Debug|Any CPU
		{E55AD82C-2BB1-4315-9649-17EFD42AB0BB}.Debug|Any CPU.Build.0 = Debug|Any CPU
		{E55AD82C-2BB1-4315-9649-17EFD42AB0BB}.Release|Any CPU.ActiveCfg = Release|Any CPU
		{E55AD82C-2BB1-4315-9649-17EFD42AB0BB}.Release|Any CPU.Build.0 = Release|Any CPU
	EndGlobalSection
	GlobalSection(SolutionProperties) = preSolution
		HideSolutionNode = FALSE
	EndGlobalSection
	GlobalSection(ExtensibilityGlobals) = postSolution
		SolutionGuid = {F5A3A283-D4BF-4847-A589-DC570B6415A5}
	EndGlobalSection
EndGlobal
